
Microsoft Visual Studio Solution File, Format Version 12.00
# Visual Studio Version 17
VisualStudioVersion = 17.7.33808.371
MinimumVisualStudioVersion = 10.0.40219.1
Project("{9A19103F-16F7-4668-BE54-9A1E7A4F7556}") = "eticaret_v2", "eticaret_v2\eticaret_v2.csproj", "{42BA6609-D1FF-47D0-B763-C77127A4B9B3}"
	ProjectSection(ProjectDependencies) = postProject
		{014265E6-76F7-4573-8DEE-94606D480EDE} = {014265E6-76F7-4573-8DEE-94606D480EDE}
	EndProjectSection
EndProject
Project("{9A19103F-16F7-4668-BE54-9A1E7A4F7556}") = "eticaret_entity", "eticaret_entity\eticaret_entity.csproj", "{11F7FA99-F827-476D-9E16-95119901F0D0}"
EndProject
Project("{9A19103F-16F7-4668-BE54-9A1E7A4F7556}") = "eticaret_data", "eticaret_data\eticaret_data.csproj", "{014265E6-76F7-4573-8DEE-94606D480EDE}"
EndProject
Project("{9A19103F-16F7-4668-BE54-9A1E7A4F7556}") = "eticaret_business", "eticaret_business\eticaret_business.csproj", "{9FFACCA1-EB32-440A-9D13-0A847B95DBF0}"
EndProject
Global
	GlobalSection(SolutionConfigurationPlatforms) = preSolution
		Debug|Any CPU = Debug|Any CPU
		Release|Any CPU = Release|Any CPU
	EndGlobalSection
	GlobalSection(ProjectConfigurationPlatforms) = postSolution
		{42BA6609-D1FF-47D0-B763-C77127A4B9B3}.Debug|Any CPU.ActiveCfg = Debug|Any CPU
		{42BA6609-D1FF-47D0-B763-C77127A4B9B3}.Debug|Any CPU.Build.0 = Debug|Any CPU
		{42BA6609-D1FF-47D0-B763-C77127A4B9B3}.Release|Any CPU.ActiveCfg = Release|Any CPU
		{42BA6609-D1FF-47D0-B763-C77127A4B9B3}.Release|Any CPU.Build.0 = Release|Any CPU
		{11F7FA99-F827-476D-9E16-95119901F0D0}.Debug|Any CPU.ActiveCfg = Debug|Any CPU
		{11F7FA99-F827-476D-9E16-95119901F0D0}.Debug|Any CPU.Build.0 = Debug|Any CPU
		{11F7FA99-F827-476D-9E16-95119901F0D0}.Release|Any CPU.ActiveCfg = Release|Any CPU
		{11F7FA99-F827-476D-9E16-95119901F0D0}.Release|Any CPU.Build.0 = Release|Any CPU
		{014265E6-76F7-4573-8DEE-94606D480EDE}.Debug|Any CPU.ActiveCfg = Debug|Any CPU
		{014265E6-76F7-4573-8DEE-94606D480EDE}.Debug|Any CPU.Build.0 = Debug|Any CPU
		{014265E6-76F7-4573-8DEE-94606D480EDE}.Release|Any CPU.ActiveCfg = Release|Any CPU
		{014265E6-76F7-4573-8DEE-94606D480EDE}.Release|Any CPU.Build.0 = Release|Any CPU
		{9FFACCA1-EB32-440A-9D13-0A847B95DBF0}.Debug|Any CPU.ActiveCfg = Debug|Any CPU
		{9FFACCA1-EB32-440A-9D13-0A847B95DBF0}.Debug|Any CPU.Build.0 = Debug|Any CPU
		{9FFACCA1-EB32-440A-9D13-0A847B95DBF0}.Release|Any CPU.ActiveCfg = Release|Any CPU
		{9FFACCA1-EB32-440A-9D13-0A847B95DBF0}.Release|Any CPU.Build.0 = Release|Any CPU
	EndGlobalSection
	GlobalSection(SolutionProperties) = preSolution
		HideSolutionNode = FALSE
	EndGlobalSection
	GlobalSection(ExtensibilityGlobals) = postSolution
		SolutionGuid = {4AE37BE6-36C1-4BAE-B131-B9C3023C86F8}
	EndGlobalSection
EndGlobal
